{
	"name": "archeyjs",
	"version": "1.6.1",
	"lockfileVersion": 1,
	"dependencies": {
		"cc-icons": {
			"version": "1.0.0",
			"resolved": "https://registry.npmjs.org/cc-icons/-/cc-icons-1.0.0.tgz",
			"integrity": "sha1-Puf/K9ousDtQX6W3lB04OL3YdDc="
		},
		"commander": {
			"version": "2.9.0",
			"resolved": "https://registry.npmjs.org/commander/-/commander-2.9.0.tgz",
			"integrity": "sha1-nJkJQXbhIkDLItbFFGCYQA/g99Q="
		},
		"font-mfizz": {
			"version": "1.2.2",
			"resolved": "https://registry.npmjs.org/font-mfizz/-/font-mfizz-1.2.2.tgz",
			"integrity": "sha1-UVuEi/GTLa3H4FM5sdn0WI6+kBQ="
		},
		"graceful-readlink": {
			"version": "1.0.1",
			"resolved": "https://registry.npmjs.org/graceful-readlink/-/graceful-readlink-1.0.1.tgz",
			"integrity": "sha1-TK+tdrxi8C+gObL5Tpo906ORpyU="
		},
		"macos-release": {
			"version": "1.0.0",
			"resolved": "https://registry.npmjs.org/macos-release/-/macos-release-1.0.0.tgz",
			"integrity": "sha1-4WjOj02TQ5mrGsuSpsMJJzBy6xs="
		},
		"purecss": {
			"version": "1.0.0",
			"resolved": "https://registry.npmjs.org/purecss/-/purecss-1.0.0.tgz",
			"integrity": "sha512-gfC78WCOWNnfkzulx9aoWwcl+0JflhwKeJ+k9s/ZyIawfYNA4bqBmt0DtfgtQK9iuYMtGfbdE8R2AQMjSWR2VQ=="
		},
		"semver": {
			"version": "5.3.0",
			"resolved": "https://registry.npmjs.org/semver/-/semver-5.3.0.tgz",
			"integrity": "sha1-myzl094C0XxgEq0yaqa00M9U+U8="
		},
		"techno-font": {
			"version": "0.0.4",
			"resolved": "https://registry.npmjs.org/techno-font/-/techno-font-0.0.4.tgz",
			"integrity": "sha512-edozEfn3xgV0EME5PNDMOE9FiikBo0pgGS6S8Of34Y0A8YW2BpnUfrQHvlRREqOJF9K7DNfWnQ91w7FAmPBZmA=="
		}
	}
}
