{
	"name": "archeyjs",
	"version": "1.9.0",
	"lockfileVersion": 1,
	"requires": true,
	"dependencies": {
		"commander": {
			"version": "6.1.0",
			"resolved": "https://registry.npmjs.org/commander/-/commander-6.1.0.tgz",
			"integrity": "sha512-wl7PNrYWd2y5mp1OK/LhTlv8Ff4kQJQRXXAvF+uU/TPNiVJUxZLRYGj/B0y/lPGAVcSbJqH2Za/cvHmrPMC8mA=="
		},
		"node-fetch": {
			"version": "2.6.7",
			"resolved": "https://registry.npmjs.org/node-fetch/-/node-fetch-2.6.7.tgz",
			"integrity": "sha512-ZjMPFEfVx5j+y2yF35Kzx5sF7kDzxuDj6ziH4FFbOp87zKDZNx8yExJIb05OGF4Nlt9IHFIMBkRl41VdvcNdbQ==",
			"requires": {
				"whatwg-url": "^5.0.0"
			}
		},
		"techno-font": {
			"version": "0.0.5",
			"resolved": "https://registry.npmjs.org/techno-font/-/techno-font-0.0.5.tgz",
			"integrity": "sha512-smsZRlOKw3ztTfceKo1t2NtLjQXlru/cu3p7x+zyNhCWVpDP+dfiurTxQwgGmwWmE5Bmbp5ZufInWj6Ov8Hc3g=="
		},
		"tr46": {
			"version": "0.0.3",
			"resolved": "https://registry.npmjs.org/tr46/-/tr46-0.0.3.tgz",
			"integrity": "sha512-N3WMsuqV66lT30CrXNbEjx4GEwlow3v6rr4mCcv6prnfwhS01rkgyFdjPNBYd9br7LpXV1+Emh01fHnq2Gdgrw=="
		},
		"webidl-conversions": {
			"version": "3.0.1",
			"resolved": "https://registry.npmjs.org/webidl-conversions/-/webidl-conversions-3.0.1.tgz",
			"integrity": "sha512-2JAn3z8AR6rjK8Sm8orRC0h/bcl/DqL7tRPdGZ4I1CjdF+EaMLmYxBHyXuKL849eucPFhvBoxMsflfOb8kxaeQ=="
		},
		"whatwg-url": {
			"version": "5.0.0",
			"resolved": "https://registry.npmjs.org/whatwg-url/-/whatwg-url-5.0.0.tgz",
			"integrity": "sha512-saE57nupxk6v3HY35+jzBwYa0rKSy0XR8JSxZPwgLr7ys0IBzhGviA1/TUGJLmSVqs8pb9AnvICXEuOHLprYTw==",
			"requires": {
				"tr46": "~0.0.3",
				"webidl-conversions": "^3.0.0"
			}
		}
	}
}
